
Microsoft Visual Studio Solution File, Format Version 12.00
# Visual Studio 15
VisualStudioVersion = 15.0.28307.168
MinimumVisualStudioVersion = 10.0.40219.1
Project("{888888A0-9F3D-457C-B088-3A5042F75D52}") = "BasicProject", "BasicProject\BasicProject.pyproj", "{B557C4DD-F160-4C1C-8576-8686EA6A4432}"
EndProject
Global
	GlobalSection(SolutionConfigurationPlatforms) = preSolution
		Debug|Any CPU = Debug|Any CPU
		Release|Any CPU = Release|Any CPU
	EndGlobalSection
	GlobalSection(ProjectConfigurationPlatforms) = postSolution
		{B557C4DD-F160-4C1C-8576-8686EA6A4432}.Debug|Any CPU.ActiveCfg = Debug|Any CPU
		{B557C4DD-F160-4C1C-8576-8686EA6A4432}.Debug|Any CPU.Build.0 = Debug|Any CPU
		{B557C4DD-F160-4C1C-8576-8686EA6A4432}.Release|Any CPU.ActiveCfg = Release|Any CPU
		{B557C4DD-F160-4C1C-8576-8686EA6A4432}.Release|Any CPU.Build.0 = Release|Any CPU
	EndGlobalSection
	GlobalSection(SolutionProperties) = preSolution
		HideSolutionNode = FALSE
	EndGlobalSection
	GlobalSection(ExtensibilityGlobals) = postSolution
		SolutionGuid = {C0B6747A-8BAE-464B-A388-A18FC36645C0}
	EndGlobalSection
EndGlobal
